// !$*UTF8*$!
{
	archiveVersion = 1;
	classes = {
	};
	objectVersion = 56;
	objects = {

/* Begin PBXBuildFile section */
		CE9F38412B1E4DDB00DC3636 /* MusicManager.swift in Sources */ = {isa = PBXBuildFile; fileRef = CE9F383F2B1E4DDB00DC3636 /* MusicManager.swift */; };
		CE9F38422B1E4DDB00DC3636 /* Music.swift in Sources */ = {isa = PBXBuildFile; fileRef = CE9F38402B1E4DDB00DC3636 /* Music.swift */; };
		CE9F38452B1E546E00DC3636 /* the-flashback_60sec-2-174160.mp3 in Resources */ = {isa = PBXBuildFile; fileRef = CE9F38432B1E546E00DC3636 /* the-flashback_60sec-2-174160.mp3 */; };
		CE9F38492B1E548400DC3636 /* switch-light-04-82204.mp3 in Resources */ = {isa = PBXBuildFile; fileRef = CE9F38472B1E548400DC3636 /* switch-light-04-82204.mp3 */; };
		CE9F384A2B1E548400DC3636 /* coin-dropped-81172.mp3 in Resources */ = {isa = PBXBuildFile; fileRef = CE9F38482B1E548400DC3636 /* coin-dropped-81172.mp3 */; };
		CE9F384C2B1E553A00DC3636 /* ambient-classical-guitar-144998.mp3 in Resources */ = {isa = PBXBuildFile; fileRef = CE9F384B2B1E553A00DC3636 /* ambient-classical-guitar-144998.mp3 */; };
		CEE06CF32B1E4D7200D6D157 /* AppDelegate.swift in Sources */ = {isa = PBXBuildFile; fileRef = CEE06CF22B1E4D7200D6D157 /* AppDelegate.swift */; };
		CEE06CF52B1E4D7200D6D157 /* SceneDelegate.swift in Sources */ = {isa = PBXBuildFile; fileRef = CEE06CF42B1E4D7200D6D157 /* SceneDelegate.swift */; };
		CEE06CF72B1E4D7200D6D157 /* ViewController.swift in Sources */ = {isa = PBXBuildFile; fileRef = CEE06CF62B1E4D7200D6D157 /* ViewController.swift */; };
		CEE06CFA2B1E4D7200D6D157 /* Main.storyboard in Resources */ = {isa = PBXBuildFile; fileRef = CEE06CF82B1E4D7200D6D157 /* Main.storyboard */; };
		CEE06CFC2B1E4D7300D6D157 /* Assets.xcassets in Resources */ = {isa = PBXBuildFile; fileRef = CEE06CFB2B1E4D7300D6D157 /* Assets.xcassets */; };
		CEE06CFF2B1E4D7300D6D157 /* LaunchScreen.storyboard in Resources */ = {isa = PBXBuildFile; fileRef = CEE06CFD2B1E4D7300D6D157 /* LaunchScreen.storyboard */; };
/* End PBXBuildFile section */

/* Begin PBXFileReference section */
		CE9F383F2B1E4DDB00DC3636 /* MusicManager.swift */ = {isa = PBXFileReference; fileEncoding = 4; lastKnownFileType = sourcecode.swift; path = MusicManager.swift; sourceTree = "<group>"; };
		CE9F38402B1E4DDB00DC3636 /* Music.swift */ = {isa = PBXFileReference; fileEncoding = 4; lastKnownFileType = sourcecode.swift; path = Music.swift; sourceTree = "<group>"; };
		CE9F38432B1E546E00DC3636 /* the-flashback_60sec-2-174160.mp3 */ = {isa = PBXFileReference; lastKnownFileType = audio.mp3; path = "the-flashback_60sec-2-174160.mp3"; sourceTree = "<group>"; };
		CE9F38472B1E548400DC3636 /* switch-light-04-82204.mp3 */ = {isa = PBXFileReference; lastKnownFileType = audio.mp3; path = "switch-light-04-82204.mp3"; sourceTree = "<group>"; };
		CE9F38482B1E548400DC3636 /* coin-dropped-81172.mp3 */ = {isa = PBXFileReference; lastKnownFileType = audio.mp3; path = "coin-dropped-81172.mp3"; sourceTree = "<group>"; };
		CE9F384B2B1E553A00DC3636 /* ambient-classical-guitar-144998.mp3 */ = {isa = PBXFileReference; lastKnownFileType = audio.mp3; path = "ambient-classical-guitar-144998.mp3"; sourceTree = "<group>"; };
		CEE06CEF2B1E4D7200D6D157 /* SwiftBackgroundMusic.app */ = {isa = PBXFileReference; explicitFileType = wrapper.application; includeInIndex = 0; path = SwiftBackgroundMusic.app; sourceTree = BUILT_PRODUCTS_DIR; };
		CEE06CF22B1E4D7200D6D157 /* AppDelegate.swift */ = {isa = PBXFileReference; lastKnownFileType = sourcecode.swift; path = AppDelegate.swift; sourceTree = "<group>"; };
		CEE06CF42B1E4D7200D6D157 /* SceneDelegate.swift */ = {isa = PBXFileReference; lastKnownFileType = sourcecode.swift; path = SceneDelegate.swift; sourceTree = "<group>"; };
		CEE06CF62B1E4D7200D6D157 /* ViewController.swift */ = {isa = PBXFileReference; lastKnownFileType = sourcecode.swift; path = ViewController.swift; sourceTree = "<group>"; };
		CEE06CF92B1E4D7200D6D157 /* Base */ = {isa = PBXFileReference; lastKnownFileType = file.storyboard; name = Base; path = Base.lproj/Main.storyboard; sourceTree = "<group>"; };
		CEE06CFB2B1E4D7300D6D157 /* Assets.xcassets */ = {isa = PBXFileReference; lastKnownFileType = folder.assetcatalog; path = Assets.xcassets; sourceTree = "<group>"; };
		CEE06CFE2B1E4D7300D6D157 /* Base */ = {isa = PBXFileReference; lastKnownFileType = file.storyboard; name = Base; path = Base.lproj/LaunchScreen.storyboard; sourceTree = "<group>"; };
		CEE06D002B1E4D7300D6D157 /* Info.plist */ = {isa = PBXFileReference; lastKnownFileType = text.plist.xml; path = Info.plist; sourceTree = "<group>"; };
/* End PBXFileReference section */

/* Begin PBXFrameworksBuildPhase section */
		CEE06CEC2B1E4D7200D6D157 /* Frameworks */ = {
			isa = PBXFrameworksBuildPhase;
			buildActionMask = 2147483647;
			files = (
			);
			runOnlyForDeploymentPostprocessing = 0;
		};
/* End PBXFrameworksBuildPhase section */

/* Begin PBXGroup section */
		CEE06CE62B1E4D7200D6D157 = {
			isa = PBXGroup;
			children = (
				CEE06CF12B1E4D7200D6D157 /* SwiftBackgroundMusic */,
				CEE06CF02B1E4D7200D6D157 /* Products */,
			);
			sourceTree = "<group>";
		};
		CEE06CF02B1E4D7200D6D157 /* Products */ = {
			isa = PBXGroup;
			children = (
				CEE06CEF2B1E4D7200D6D157 /* SwiftBackgroundMusic.app */,
			);
			name = Products;
			sourceTree = "<group>";
		};
		CEE06CF12B1E4D7200D6D157 /* SwiftBackgroundMusic */ = {
			isa = PBXGroup;
			children = (
				CE9F38432B1E546E00DC3636 /* the-flashback_60sec-2-174160.mp3 */,
				CE9F384B2B1E553A00DC3636 /* ambient-classical-guitar-144998.mp3 */,
				CE9F38482B1E548400DC3636 /* coin-dropped-81172.mp3 */,
				CE9F38472B1E548400DC3636 /* switch-light-04-82204.mp3 */,
				CE9F38402B1E4DDB00DC3636 /* Music.swift */,
				CE9F383F2B1E4DDB00DC3636 /* MusicManager.swift */,
				CEE06CF22B1E4D7200D6D157 /* AppDelegate.swift */,
				CEE06CF42B1E4D7200D6D157 /* SceneDelegate.swift */,
				CEE06CF62B1E4D7200D6D157 /* ViewController.swift */,
				CEE06CF82B1E4D7200D6D157 /* Main.storyboard */,
				CEE06CFB2B1E4D7300D6D157 /* Assets.xcassets */,
				CEE06CFD2B1E4D7300D6D157 /* LaunchScreen.storyboard */,
				CEE06D002B1E4D7300D6D157 /* Info.plist */,
			);
			path = SwiftBackgroundMusic;
			sourceTree = "<group>";
		};
/* End PBXGroup section */

/* Begin PBXNativeTarget section */
		CEE06CEE2B1E4D7200D6D157 /* SwiftBackgroundMusic */ = {
			isa = PBXNativeTarget;
			buildConfigurationList = CEE06D032B1E4D7300D6D157 /* Build configuration list for PBXNativeTarget "SwiftBackgroundMusic" */;
			buildPhases = (
				CEE06CEB2B1E4D7200D6D157 /* Sources */,
				CEE06CEC2B1E4D7200D6D157 /* Frameworks */,
				CEE06CED2B1E4D7200D6D157 /* Resources */,
			);
			buildRules = (
			);
			dependencies = (
			);
			name = SwiftBackgroundMusic;
			productName = SwiftBackgroundMusic;
			productReference = CEE06CEF2B1E4D7200D6D157 /* SwiftBackgroundMusic.app */;
			productType = "com.apple.product-type.application";
		};
/* End PBXNativeTarget section */

/* Begin PBXProject section */
		CEE06CE72B1E4D7200D6D157 /* Project object */ = {
			isa = PBXProject;
			attributes = {
				BuildIndependentTargetsInParallel = 1;
				LastSwiftUpdateCheck = 1500;
				LastUpgradeCheck = 1500;
				TargetAttributes = {
					CEE06CEE2B1E4D7200D6D157 = {
						CreatedOnToolsVersion = 15.0.1;
					};
				};
			};
			buildConfigurationList = CEE06CEA2B1E4D7200D6D157 /* Build configuration list for PBXProject "SwiftBackgroundMusic" */;
			compatibilityVersion = "Xcode 14.0";
			developmentRegion = en;
			hasScannedForEncodings = 0;
			knownRegions = (
				en,
				Base,
			);
			mainGroup = CEE06CE62B1E4D7200D6D157;
			productRefGroup = CEE06CF02B1E4D7200D6D157 /* Products */;
			projectDirPath = "";
			projectRoot = "";
			targets = (
				CEE06CEE2B1E4D7200D6D157 /* SwiftBackgroundMusic */,
			);
		};
/* End PBXProject section */

/* Begin PBXResourcesBuildPhase section */
		CEE06CED2B1E4D7200D6D157 /* Resources */ = {
			isa = PBXResourcesBuildPhase;
			buildActionMask = 2147483647;
			files = (
				CE9F384A2B1E548400DC3636 /* coin-dropped-81172.mp3 in Resources */,
				CE9F38452B1E546E00DC3636 /* the-flashback_60sec-2-174160.mp3 in Resources */,
				CEE06CFF2B1E4D7300D6D157 /* LaunchScreen.storyboard in Resources */,
				CE9F38492B1E548400DC3636 /* switch-light-04-82204.mp3 in Resources */,
				CE9F384C2B1E553A00DC3636 /* ambient-classical-guitar-144998.mp3 in Resources */,
				CEE06CFC2B1E4D7300D6D157 /* Assets.xcassets in Resources */,
				CEE06CFA2B1E4D7200D6D157 /* Main.storyboard in Resources */,
			);
			runOnlyForDeploymentPostprocessing = 0;
		};
/* End PBXResourcesBuildPhase section */

/* Begin PBXSourcesBuildPhase section */
		CEE06CEB2B1E4D7200D6D157 /* Sources */ = {
			isa = PBXSourcesBuildPhase;
			buildActionMask = 2147483647;
			files = (
				CEE06CF72B1E4D7200D6D157 /* ViewController.swift in Sources */,
				CE9F38412B1E4DDB00DC3636 /* MusicManager.swift in Sources */,
				CE9F38422B1E4DDB00DC3636 /* Music.swift in Sources */,
				CEE06CF32B1E4D7200D6D157 /* AppDelegate.swift in Sources */,
				CEE06CF52B1E4D7200D6D157 /* SceneDelegate.swift in Sources */,
			);
			runOnlyForDeploymentPostprocessing = 0;
		};
/* End PBXSourcesBuildPhase section */

/* Begin PBXVariantGroup section */
		CEE06CF82B1E4D7200D6D157 /* Main.storyboard */ = {
			isa = PBXVariantGroup;
			children = (
				CEE06CF92B1E4D7200D6D157 /* Base */,
			);
			name = Main.storyboard;
			sourceTree = "<group>";
		};
		CEE06CFD2B1E4D7300D6D157 /* LaunchScreen.storyboard */ = {
			isa = PBXVariantGroup;
			children = (
				CEE06CFE2B1E4D7300D6D157 /* Base */,
			);
			name = LaunchScreen.storyboard;
			sourceTree = "<group>";
		};
/* End PBXVariantGroup section */

/* Begin XCBuildConfiguration section */
		CEE06D012B1E4D7300D6D157 /* Debug */ = {
			isa = XCBuildConfiguration;
			buildSettings = {
				ALWAYS_SEARCH_USER_PATHS = NO;
				ASSETCATALOG_COMPILER_GENERATE_SWIFT_ASSET_SYMBOL_EXTENSIONS = YES;
				CLANG_ANALYZER_NONNULL = YES;
				CLANG_ANALYZER_NUMBER_OBJECT_CONVERSION = YES_AGGRESSIVE;
				CLANG_CXX_LANGUAGE_STANDARD = "gnu++20";
				CLANG_ENABLE_MODULES = YES;
				CLANG_ENABLE_OBJC_ARC = YES;
				CLANG_ENABLE_OBJC_WEAK = YES;
				CLANG_WARN_BLOCK_CAPTURE_AUTORELEASING = YES;
				CLANG_WARN_BOOL_CONVERSION = YES;
				CLANG_WARN_COMMA = YES;
				CLANG_WARN_CONSTANT_CONVERSION = YES;
				CLANG_WARN_DEPRECATED_OBJC_IMPLEMENTATIONS = YES;
				CLANG_WARN_DIRECT_OBJC_ISA_USAGE = YES_ERROR;
				CLANG_WARN_DOCUMENTATION_COMMENTS = YES;
				CLANG_WARN_EMPTY_BODY = YES;
				CLANG_WARN_ENUM_CONVERSION = YES;
				CLANG_WARN_INFINITE_RECURSION = YES;
				CLANG_WARN_INT_CONVERSION = YES;
				CLANG_WARN_NON_LITERAL_NULL_CONVERSION = YES;
				CLANG_WARN_OBJC_IMPLICIT_RETAIN_SELF = YES;
				CLANG_WARN_OBJC_LITERAL_CONVERSION = YES;
				CLANG_WARN_OBJC_ROOT_CLASS = YES_ERROR;
				CLANG_WARN_QUOTED_INCLUDE_IN_FRAMEWORK_HEADER = YES;
				CLANG_WARN_RANGE_LOOP_ANALYSIS = YES;
				CLANG_WARN_STRICT_PROTOTYPES = YES;
				CLANG_WARN_SUSPICIOUS_MOVE = YES;
				CLANG_WARN_UNGUARDED_AVAILABILITY = YES_AGGRESSIVE;
				CLANG_WARN_UNREACHABLE_CODE = YES;
				CLANG_WARN__DUPLICATE_METHOD_MATCH = YES;
				COPY_PHASE_STRIP = NO;
				DEBUG_INFORMATION_FORMAT = dwarf;
				ENABLE_STRICT_OBJC_MSGSEND = YES;
				ENABLE_TESTABILITY = YES;
				ENABLE_USER_SCRIPT_SANDBOXING = YES;
				GCC_C_LANGUAGE_STANDARD = gnu17;
				GCC_DYNAMIC_NO_PIC = NO;
				GCC_NO_COMMON_BLOCKS = YES;
				GCC_OPTIMIZATION_LEVEL = 0;
				GCC_PREPROCESSOR_DEFINITIONS = (
					"DEBUG=1",
					"$(inherited)",
				);
				GCC_WARN_64_TO_32_BIT_CONVERSION = YES;
				GCC_WARN_ABOUT_RETURN_TYPE = YES_ERROR;
				GCC_WARN_UNDECLARED_SELECTOR = YES;
				GCC_WARN_UNINITIALIZED_AUTOS = YES_AGGRESSIVE;
				GCC_WARN_UNUSED_FUNCTION = YES;
				GCC_WARN_UNUSED_VARIABLE = YES;
				IPHONEOS_DEPLOYMENT_TARGET = 17.0;
				LOCALIZATION_PREFERS_STRING_CATALOGS = YES;
				MTL_ENABLE_DEBUG_INFO = INCLUDE_SOURCE;
				MTL_FAST_MATH = YES;
				ONLY_ACTIVE_ARCH = YES;
				SDKROOT = iphoneos;
				SWIFT_ACTIVE_COMPILATION_CONDITIONS = "DEBUG $(inherited)";
				SWIFT_OPTIMIZATION_LEVEL = "-Onone";
			};
			name = Debug;
		};
		CEE06D022B1E4D7300D6D157 /* Release */ = {
			isa = XCBuildConfiguration;
			buildSettings = {
				ALWAYS_SEARCH_USER_PATHS = NO;
				ASSETCATALOG_COMPILER_GENERATE_SWIFT_ASSET_SYMBOL_EXTENSIONS = YES;
				CLANG_ANALYZER_NONNULL = YES;
				CLANG_ANALYZER_NUMBER_OBJECT_CONVERSION = YES_AGGRESSIVE;
				CLANG_CXX_LANGUAGE_STANDARD = "gnu++20";
				CLANG_ENABLE_MODULES = YES;
				CLANG_ENABLE_OBJC_ARC = YES;
				CLANG_ENABLE_OBJC_WEAK = YES;
				CLANG_WARN_BLOCK_CAPTURE_AUTORELEASING = YES;
				CLANG_WARN_BOOL_CONVERSION = YES;
				CLANG_WARN_COMMA = YES;
				CLANG_WARN_CONSTANT_CONVERSION = YES;
				CLANG_WARN_DEPRECATED_OBJC_IMPLEMENTATIONS = YES;
				CLANG_WARN_DIRECT_OBJC_ISA_USAGE = YES_ERROR;
				CLANG_WARN_DOCUMENTATION_COMMENTS = YES;
				CLANG_WARN_EMPTY_BODY = YES;
				CLANG_WARN_ENUM_CONVERSION = YES;
				CLANG_WARN_INFINITE_RECURSION = YES;
				CLANG_WARN_INT_CONVERSION = YES;
				CLANG_WARN_NON_LITERAL_NULL_CONVERSION = YES;
				CLANG_WARN_OBJC_IMPLICIT_RETAIN_SELF = YES;
				CLANG_WARN_OBJC_LITERAL_CONVERSION = YES;
				CLANG_WARN_OBJC_ROOT_CLASS = YES_ERROR;
				CLANG_WARN_QUOTED_INCLUDE_IN_FRAMEWORK_HEADER = YES;
				CLANG_WARN_RANGE_LOOP_ANALYSIS = YES;
				CLANG_WARN_STRICT_PROTOTYPES = YES;
				CLANG_WARN_SUSPICIOUS_MOVE = YES;
				CLANG_WARN_UNGUARDED_AVAILABILITY = YES_AGGRESSIVE;
				CLANG_WARN_UNREACHABLE_CODE = YES;
				CLANG_WARN__DUPLICATE_METHOD_MATCH = YES;
				COPY_PHASE_STRIP = NO;
				DEBUG_INFORMATION_FORMAT = "dwarf-with-dsym";
				ENABLE_NS_ASSERTIONS = NO;
				ENABLE_STRICT_OBJC_MSGSEND = YES;
				ENABLE_USER_SCRIPT_SANDBOXING = YES;
				GCC_C_LANGUAGE_STANDARD = gnu17;
				GCC_NO_COMMON_BLOCKS = YES;
				GCC_WARN_64_TO_32_BIT_CONVERSION = YES;
				GCC_WARN_ABOUT_RETURN_TYPE = YES_ERROR;
				GCC_WARN_UNDECLARED_SELECTOR = YES;
				GCC_WARN_UNINITIALIZED_AUTOS = YES_AGGRESSIVE;
				GCC_WARN_UNUSED_FUNCTION = YES;
				GCC_WARN_UNUSED_VARIABLE = YES;
				IPHONEOS_DEPLOYMENT_TARGET = 17.0;
				LOCALIZATION_PREFERS_STRING_CATALOGS = YES;
				MTL_ENABLE_DEBUG_INFO = NO;
				MTL_FAST_MATH = YES;
				SDKROOT = iphoneos;
				SWIFT_COMPILATION_MODE = wholemodule;
				VALIDATE_PRODUCT = YES;
			};
			name = Release;
		};
		CEE06D042B1E4D7300D6D157 /* Debug */ = {
			isa = XCBuildConfiguration;
			buildSettings = {
				ASSETCATALOG_COMPILER_APPICON_NAME = AppIcon;
				ASSETCATALOG_COMPILER_GLOBAL_ACCENT_COLOR_NAME = AccentColor;
				CODE_SIGN_STYLE = Automatic;
				CURRENT_PROJECT_VERSION = 1;
				DEVELOPMENT_TEAM = VZQL275L7V;
				GENERATE_INFOPLIST_FILE = YES;
				INFOPLIST_FILE = SwiftBackgroundMusic/Info.plist;
				INFOPLIST_KEY_UIApplicationSupportsIndirectInputEvents = YES;
				INFOPLIST_KEY_UILaunchStoryboardName = LaunchScreen;
				INFOPLIST_KEY_UIMainStoryboardFile = Main;
				INFOPLIST_KEY_UISupportedInterfaceOrientations_iPad = "UIInterfaceOrientationPortrait UIInterfaceOrientationPortraitUpsideDown UIInterfaceOrientationLandscapeLeft UIInterfaceOrientationLandscapeRight";
				INFOPLIST_KEY_UISupportedInterfaceOrientations_iPhone = "UIInterfaceOrientationPortrait UIInterfaceOrientationLandscapeLeft UIInterfaceOrientationLandscapeRight";
				LD_RUNPATH_SEARCH_PATHS = (
					"$(inherited)",
					"@executable_path/Frameworks",
				);
				MARKETING_VERSION = 1.0;
				PRODUCT_BUNDLE_IDENTIFIER = com.SwiftBackgroundMusic;
				PRODUCT_NAME = "$(TARGET_NAME)";
				SWIFT_EMIT_LOC_STRINGS = YES;
				SWIFT_VERSION = 5.0;
				TARGETED_DEVICE_FAMILY = "1,2";
			};
			name = Debug;
		};
		CEE06D052B1E4D7300D6D157 /* Release */ = {
			isa = XCBuildConfiguration;
			buildSettings = {
				ASSETCATALOG_COMPILER_APPICON_NAME = AppIcon;
				ASSETCATALOG_COMPILER_GLOBAL_ACCENT_COLOR_NAME = AccentColor;
				CODE_SIGN_STYLE = Automatic;
				CURRENT_PROJECT_VERSION = 1;
				DEVELOPMENT_TEAM = VZQL275L7V;
				GENERATE_INFOPLIST_FILE = YES;
				INFOPLIST_FILE = SwiftBackgroundMusic/Info.plist;
				INFOPLIST_KEY_UIApplicationSupportsIndirectInputEvents = YES;
				INFOPLIST_KEY_UILaunchStoryboardName = LaunchScreen;
				INFOPLIST_KEY_UIMainStoryboardFile = Main;
				INFOPLIST_KEY_UISupportedInterfaceOrientations_iPad = "UIInterfaceOrientationPortrait UIInterfaceOrientationPortraitUpsideDown UIInterfaceOrientationLandscapeLeft UIInterfaceOrientationLandscapeRight";
				INFOPLIST_KEY_UISupportedInterfaceOrientations_iPhone = "UIInterfaceOrientationPortrait UIInterfaceOrientationLandscapeLeft UIInterfaceOrientationLandscapeRight";
				LD_RUNPATH_SEARCH_PATHS = (
					"$(inherited)",
					"@executable_path/Frameworks",
				);
				MARKETING_VERSION = 1.0;
				PRODUCT_BUNDLE_IDENTIFIER = com.SwiftBackgroundMusic;
				PRODUCT_NAME = "$(TARGET_NAME)";
				SWIFT_EMIT_LOC_STRINGS = YES;
				SWIFT_VERSION = 5.0;
				TARGETED_DEVICE_FAMILY = "1,2";
			};
			name = Release;
		};
/* End XCBuildConfiguration section */

/* Begin XCConfigurationList section */
		CEE06CEA2B1E4D7200D6D157 /* Build configuration list for PBXProject "SwiftBackgroundMusic" */ = {
			isa = XCConfigurationList;
			buildConfigurations = (
				CEE06D012B1E4D7300D6D157 /* Debug */,
				CEE06D022B1E4D7300D6D157 /* Release */,
			);
			defaultConfigurationIsVisible = 0;
			defaultConfigurationName = Release;
		};
		CEE06D032B1E4D7300D6D157 /* Build configuration list for PBXNativeTarget "SwiftBackgroundMusic" */ = {
			isa = XCConfigurationList;
			buildConfigurations = (
				CEE06D042B1E4D7300D6D157 /* Debug */,
				CEE06D052B1E4D7300D6D157 /* Release */,
			);
			defaultConfigurationIsVisible = 0;
			defaultConfigurationName = Release;
		};
/* End XCConfigurationList section */
	};
	rootObject = CEE06CE72B1E4D7200D6D157 /* Project object */;
}
